// !$*UTF8*$!
{
	archiveVersion = 1;
	classes = {
	};
	objectVersion = 46;
	objects = {

/* Begin PBXBuildFile section */
		FEDA0A3F19AE529200BAD59B /* UIColor+PSRRandomColors.m in Sources */ = {isa = PBXBuildFile; fileRef = FEDA0A3E19AE529200BAD59B /* UIColor+PSRRandomColors.m */; };
		FEDA0A4219AE57A400BAD59B /* PSRNamesViewController.m in Sources */ = {isa = PBXBuildFile; fileRef = FEDA0A4119AE57A400BAD59B /* PSRNamesViewController.m */; };
		FEDA0A4519AE598100BAD59B /* PSRCustomTableViewCell.m in Sources */ = {isa = PBXBuildFile; fileRef = FEDA0A4419AE598100BAD59B /* PSRCustomTableViewCell.m */; };
		FEEB950519AD38F00072B95C /* main.m in Sources */ = {isa = PBXBuildFile; fileRef = FEEB950419AD38F00072B95C /* main.m */; };
		FEEB950819AD38F00072B95C /* AppDelegate.m in Sources */ = {isa = PBXBuildFile; fileRef = FEEB950719AD38F00072B95C /* AppDelegate.m */; };
		FEEB950B19AD38F00072B95C /* PSRAlotOfControlsViewController.m in Sources */ = {isa = PBXBuildFile; fileRef = FEEB950A19AD38F00072B95C /* PSRAlotOfControlsViewController.m */; };
		FEEB950E19AD38F00072B95C /* Main.storyboard in Resources */ = {isa = PBXBuildFile; fileRef = FEEB950C19AD38F00072B95C /* Main.storyboard */; };
		FEEB951019AD38F00072B95C /* Images.xcassets in Resources */ = {isa = PBXBuildFile; fileRef = FEEB950F19AD38F00072B95C /* Images.xcassets */; };
		FEEB951C19AD38F00072B95C /* ViewControllerLifeCycleTests.m in Sources */ = {isa = PBXBuildFile; fileRef = FEEB951B19AD38F00072B95C /* ViewControllerLifeCycleTests.m */; };
		FEF9FD2219AD441900005E69 /* pic1.jpeg in Resources */ = {isa = PBXBuildFile; fileRef = FEF9FD1D19AD441900005E69 /* pic1.jpeg */; };
		FEF9FD2319AD441900005E69 /* pic2.jpeg in Resources */ = {isa = PBXBuildFile; fileRef = FEF9FD1E19AD441900005E69 /* pic2.jpeg */; };
		FEF9FD2419AD441900005E69 /* pic3.jpeg in Resources */ = {isa = PBXBuildFile; fileRef = FEF9FD1F19AD441900005E69 /* pic3.jpeg */; };
		FEF9FD2519AD441900005E69 /* pic4.jpeg in Resources */ = {isa = PBXBuildFile; fileRef = FEF9FD2019AD441900005E69 /* pic4.jpeg */; };
		FEF9FD2619AD441900005E69 /* pic5.jpeg in Resources */ = {isa = PBXBuildFile; fileRef = FEF9FD2119AD441900005E69 /* pic5.jpeg */; };
/* End PBXBuildFile section */

/* Begin PBXContainerItemProxy section */
		FEEB951619AD38F00072B95C /* PBXContainerItemProxy */ = {
			isa = PBXContainerItemProxy;
			containerPortal = FEEB94F719AD38F00072B95C /* Project object */;
			proxyType = 1;
			remoteGlobalIDString = FEEB94FE19AD38F00072B95C;
			remoteInfo = ViewControllerLifeCycle;
		};
/* End PBXContainerItemProxy section */

/* Begin PBXFileReference section */
		FEDA0A3D19AE529200BAD59B /* UIColor+PSRRandomColors.h */ = {isa = PBXFileReference; fileEncoding = 4; lastKnownFileType = sourcecode.c.h; path = "UIColor+PSRRandomColors.h"; sourceTree = "<group>"; };
		FEDA0A3E19AE529200BAD59B /* UIColor+PSRRandomColors.m */ = {isa = PBXFileReference; fileEncoding = 4; lastKnownFileType = sourcecode.c.objc; path = "UIColor+PSRRandomColors.m"; sourceTree = "<group>"; };
		FEDA0A4019AE57A400BAD59B /* PSRNamesViewController.h */ = {isa = PBXFileReference; fileEncoding = 4; lastKnownFileType = sourcecode.c.h; path = PSRNamesViewController.h; sourceTree = "<group>"; };
		FEDA0A4119AE57A400BAD59B /* PSRNamesViewController.m */ = {isa = PBXFileReference; fileEncoding = 4; lastKnownFileType = sourcecode.c.objc; path = PSRNamesViewController.m; sourceTree = "<group>"; };
		FEDA0A4319AE598100BAD59B /* PSRCustomTableViewCell.h */ = {isa = PBXFileReference; fileEncoding = 4; lastKnownFileType = sourcecode.c.h; path = PSRCustomTableViewCell.h; sourceTree = "<group>"; };
		FEDA0A4419AE598100BAD59B /* PSRCustomTableViewCell.m */ = {isa = PBXFileReference; fileEncoding = 4; lastKnownFileType = sourcecode.c.objc; path = PSRCustomTableViewCell.m; sourceTree = "<group>"; };
		FEEB94FF19AD38F00072B95C /* ViewControllerLifeCycle.app */ = {isa = PBXFileReference; explicitFileType = wrapper.application; includeInIndex = 0; path = ViewControllerLifeCycle.app; sourceTree = BUILT_PRODUCTS_DIR; };
		FEEB950319AD38F00072B95C /* Info.plist */ = {isa = PBXFileReference; lastKnownFileType = text.plist.xml; path = Info.plist; sourceTree = "<group>"; };
		FEEB950419AD38F00072B95C /* main.m */ = {isa = PBXFileReference; lastKnownFileType = sourcecode.c.objc; path = main.m; sourceTree = "<group>"; };
		FEEB950619AD38F00072B95C /* AppDelegate.h */ = {isa = PBXFileReference; lastKnownFileType = sourcecode.c.h; path = AppDelegate.h; sourceTree = "<group>"; };
		FEEB950719AD38F00072B95C /* AppDelegate.m */ = {isa = PBXFileReference; lastKnownFileType = sourcecode.c.objc; path = AppDelegate.m; sourceTree = "<group>"; };
		FEEB950919AD38F00072B95C /* PSRAlotOfControlsViewController.h */ = {isa = PBXFileReference; lastKnownFileType = sourcecode.c.h; path = PSRAlotOfControlsViewController.h; sourceTree = "<group>"; };
		FEEB950A19AD38F00072B95C /* PSRAlotOfControlsViewController.m */ = {isa = PBXFileReference; lastKnownFileType = sourcecode.c.objc; path = PSRAlotOfControlsViewController.m; sourceTree = "<group>"; };
		FEEB950D19AD38F00072B95C /* Base */ = {isa = PBXFileReference; lastKnownFileType = file.storyboard; name = Base; path = Base.lproj/Main.storyboard; sourceTree = "<group>"; };
		FEEB950F19AD38F00072B95C /* Images.xcassets */ = {isa = PBXFileReference; lastKnownFileType = folder.assetcatalog; path = Images.xcassets; sourceTree = "<group>"; };
		FEEB951519AD38F00072B95C /* ViewControllerLifeCycleTests.xctest */ = {isa = PBXFileReference; explicitFileType = wrapper.cfbundle; includeInIndex = 0; path = ViewControllerLifeCycleTests.xctest; sourceTree = BUILT_PRODUCTS_DIR; };
		FEEB951A19AD38F00072B95C /* Info.plist */ = {isa = PBXFileReference; lastKnownFileType = text.plist.xml; path = Info.plist; sourceTree = "<group>"; };
		FEEB951B19AD38F00072B95C /* ViewControllerLifeCycleTests.m */ = {isa = PBXFileReference; lastKnownFileType = sourcecode.c.objc; path = ViewControllerLifeCycleTests.m; sourceTree = "<group>"; };
		FEF9FD1D19AD441900005E69 /* pic1.jpeg */ = {isa = PBXFileReference; lastKnownFileType = image.jpeg; path = pic1.jpeg; sourceTree = SOURCE_ROOT; };
		FEF9FD1E19AD441900005E69 /* pic2.jpeg */ = {isa = PBXFileReference; lastKnownFileType = image.jpeg; path = pic2.jpeg; sourceTree = SOURCE_ROOT; };
		FEF9FD1F19AD441900005E69 /* pic3.jpeg */ = {isa = PBXFileReference; lastKnownFileType = image.jpeg; path = pic3.jpeg; sourceTree = SOURCE_ROOT; };
		FEF9FD2019AD441900005E69 /* pic4.jpeg */ = {isa = PBXFileReference; lastKnownFileType = image.jpeg; path = pic4.jpeg; sourceTree = SOURCE_ROOT; };
		FEF9FD2119AD441900005E69 /* pic5.jpeg */ = {isa = PBXFileReference; lastKnownFileType = image.jpeg; path = pic5.jpeg; sourceTree = SOURCE_ROOT; };
/* End PBXFileReference section */

/* Begin PBXFrameworksBuildPhase section */
		FEEB94FC19AD38F00072B95C /* Frameworks */ = {
			isa = PBXFrameworksBuildPhase;
			buildActionMask = 2147483647;
			files = (
			);
			runOnlyForDeploymentPostprocessing = 0;
		};
		FEEB951219AD38F00072B95C /* Frameworks */ = {
			isa = PBXFrameworksBuildPhase;
			buildActionMask = 2147483647;
			files = (
			);
			runOnlyForDeploymentPostprocessing = 0;
		};
/* End PBXFrameworksBuildPhase section */

/* Begin PBXGroup section */
		FEEB94F619AD38F00072B95C = {
			isa = PBXGroup;
			children = (
				FEDA0A4319AE598100BAD59B /* PSRCustomTableViewCell.h */,
				FEDA0A4419AE598100BAD59B /* PSRCustomTableViewCell.m */,
				FEDA0A4019AE57A400BAD59B /* PSRNamesViewController.h */,
				FEDA0A4119AE57A400BAD59B /* PSRNamesViewController.m */,
				FEDA0A3D19AE529200BAD59B /* UIColor+PSRRandomColors.h */,
				FEDA0A3E19AE529200BAD59B /* UIColor+PSRRandomColors.m */,
				FEEB950119AD38F00072B95C /* ViewControllerLifeCycle */,
				FEEB951819AD38F00072B95C /* ViewControllerLifeCycleTests */,
				FEEB950019AD38F00072B95C /* Products */,
			);
			sourceTree = "<group>";
		};
		FEEB950019AD38F00072B95C /* Products */ = {
			isa = PBXGroup;
			children = (
				FEEB94FF19AD38F00072B95C /* ViewControllerLifeCycle.app */,
				FEEB951519AD38F00072B95C /* ViewControllerLifeCycleTests.xctest */,
			);
			name = Products;
			sourceTree = "<group>";
		};
		FEEB950119AD38F00072B95C /* ViewControllerLifeCycle */ = {
			isa = PBXGroup;
			children = (
				FEEB950619AD38F00072B95C /* AppDelegate.h */,
				FEEB950719AD38F00072B95C /* AppDelegate.m */,
				FEEB950919AD38F00072B95C /* PSRAlotOfControlsViewController.h */,
				FEEB950A19AD38F00072B95C /* PSRAlotOfControlsViewController.m */,
				FEEB950C19AD38F00072B95C /* Main.storyboard */,
				FEF9FD2719AD441F00005E69 /* images */,
				FEEB950F19AD38F00072B95C /* Images.xcassets */,
				FEEB950219AD38F00072B95C /* Supporting Files */,
			);
			path = ViewControllerLifeCycle;
			sourceTree = "<group>";
		};
		FEEB950219AD38F00072B95C /* Supporting Files */ = {
			isa = PBXGroup;
			children = (
				FEEB950319AD38F00072B95C /* Info.plist */,
				FEEB950419AD38F00072B95C /* main.m */,
			);
			name = "Supporting Files";
			sourceTree = "<group>";
		};
		FEEB951819AD38F00072B95C /* ViewControllerLifeCycleTests */ = {
			isa = PBXGroup;
			children = (
				FEEB951B19AD38F00072B95C /* ViewControllerLifeCycleTests.m */,
				FEEB951919AD38F00072B95C /* Supporting Files */,
			);
			path = ViewControllerLifeCycleTests;
			sourceTree = "<group>";
		};
		FEEB951919AD38F00072B95C /* Supporting Files */ = {
			isa = PBXGroup;
			children = (
				FEEB951A19AD38F00072B95C /* Info.plist */,
			);
			name = "Supporting Files";
			sourceTree = "<group>";
		};
		FEF9FD2719AD441F00005E69 /* images */ = {
			isa = PBXGroup;
			children = (
				FEF9FD1D19AD441900005E69 /* pic1.jpeg */,
				FEF9FD1E19AD441900005E69 /* pic2.jpeg */,
				FEF9FD1F19AD441900005E69 /* pic3.jpeg */,
				FEF9FD2019AD441900005E69 /* pic4.jpeg */,
				FEF9FD2119AD441900005E69 /* pic5.jpeg */,
			);
			name = images;
			sourceTree = "<group>";
		};
/* End PBXGroup section */

/* Begin PBXNativeTarget section */
		FEEB94FE19AD38F00072B95C /* ViewControllerLifeCycle */ = {
			isa = PBXNativeTarget;
			buildConfigurationList = FEEB951F19AD38F00072B95C /* Build configuration list for PBXNativeTarget "ViewControllerLifeCycle" */;
			buildPhases = (
				FEEB94FB19AD38F00072B95C /* Sources */,
				FEEB94FC19AD38F00072B95C /* Frameworks */,
				FEEB94FD19AD38F00072B95C /* Resources */,
			);
			buildRules = (
			);
			dependencies = (
			);
			name = ViewControllerLifeCycle;
			productName = ViewControllerLifeCycle;
			productReference = FEEB94FF19AD38F00072B95C /* ViewControllerLifeCycle.app */;
			productType = "com.apple.product-type.application";
		};
		FEEB951419AD38F00072B95C /* ViewControllerLifeCycleTests */ = {
			isa = PBXNativeTarget;
			buildConfigurationList = FEEB952219AD38F00072B95C /* Build configuration list for PBXNativeTarget "ViewControllerLifeCycleTests" */;
			buildPhases = (
				FEEB951119AD38F00072B95C /* Sources */,
				FEEB951219AD38F00072B95C /* Frameworks */,
				FEEB951319AD38F00072B95C /* Resources */,
			);
			buildRules = (
			);
			dependencies = (
				FEEB951719AD38F00072B95C /* PBXTargetDependency */,
			);
			name = ViewControllerLifeCycleTests;
			productName = ViewControllerLifeCycleTests;
			productReference = FEEB951519AD38F00072B95C /* ViewControllerLifeCycleTests.xctest */;
			productType = "com.apple.product-type.bundle.unit-test";
		};
/* End PBXNativeTarget section */

/* Begin PBXProject section */
		FEEB94F719AD38F00072B95C /* Project object */ = {
			isa = PBXProject;
			attributes = {
				LastUpgradeCheck = 0600;
				ORGANIZATIONNAME = n.shubenkov;
				TargetAttributes = {
					FEEB94FE19AD38F00072B95C = {
						CreatedOnToolsVersion = 6.0;
					};
					FEEB951419AD38F00072B95C = {
						CreatedOnToolsVersion = 6.0;
						TestTargetID = FEEB94FE19AD38F00072B95C;
					};
				};
			};
			buildConfigurationList = FEEB94FA19AD38F00072B95C /* Build configuration list for PBXProject "ViewControllerLifeCycle" */;
			compatibilityVersion = "Xcode 3.2";
			developmentRegion = English;
			hasScannedForEncodings = 0;
			knownRegions = (
				en,
				Base,
			);
			mainGroup = FEEB94F619AD38F00072B95C;
			productRefGroup = FEEB950019AD38F00072B95C /* Products */;
			projectDirPath = "";
			projectRoot = "";
			targets = (
				FEEB94FE19AD38F00072B95C /* ViewControllerLifeCycle */,
				FEEB951419AD38F00072B95C /* ViewControllerLifeCycleTests */,
			);
		};
/* End PBXProject section */

/* Begin PBXResourcesBuildPhase section */
		FEEB94FD19AD38F00072B95C /* Resources */ = {
			isa = PBXResourcesBuildPhase;
			buildActionMask = 2147483647;
			files = (
				FEEB950E19AD38F00072B95C /* Main.storyboard in Resources */,
				FEEB951019AD38F00072B95C /* Images.xcassets in Resources */,
				FEF9FD2219AD441900005E69 /* pic1.jpeg in Resources */,
				FEF9FD2419AD441900005E69 /* pic3.jpeg in Resources */,
				FEF9FD2319AD441900005E69 /* pic2.jpeg in Resources */,
				FEF9FD2519AD441900005E69 /* pic4.jpeg in Resources */,
				FEF9FD2619AD441900005E69 /* pic5.jpeg in Resources */,
			);
			runOnlyForDeploymentPostprocessing = 0;
		};
		FEEB951319AD38F00072B95C /* Resources */ = {
			isa = PBXResourcesBuildPhase;
			buildActionMask = 2147483647;
			files = (
			);
			runOnlyForDeploymentPostprocessing = 0;
		};
/* End PBXResourcesBuildPhase section */

/* Begin PBXSourcesBuildPhase section */
		FEEB94FB19AD38F00072B95C /* Sources */ = {
			isa = PBXSourcesBuildPhase;
			buildActionMask = 2147483647;
			files = (
				FEDA0A3F19AE529200BAD59B /* UIColor+PSRRandomColors.m in Sources */,
				FEDA0A4219AE57A400BAD59B /* PSRNamesViewController.m in Sources */,
				FEDA0A4519AE598100BAD59B /* PSRCustomTableViewCell.m in Sources */,
				FEEB950B19AD38F00072B95C /* PSRAlotOfControlsViewController.m in Sources */,
				FEEB950819AD38F00072B95C /* AppDelegate.m in Sources */,
				FEEB950519AD38F00072B95C /* main.m in Sources */,
			);
			runOnlyForDeploymentPostprocessing = 0;
		};
		FEEB951119AD38F00072B95C /* Sources */ = {
			isa = PBXSourcesBuildPhase;
			buildActionMask = 2147483647;
			files = (
				FEEB951C19AD38F00072B95C /* ViewControllerLifeCycleTests.m in Sources */,
			);
			runOnlyForDeploymentPostprocessing = 0;
		};
/* End PBXSourcesBuildPhase section */

/* Begin PBXTargetDependency section */
		FEEB951719AD38F00072B95C /* PBXTargetDependency */ = {
			isa = PBXTargetDependency;
			target = FEEB94FE19AD38F00072B95C /* ViewControllerLifeCycle */;
			targetProxy = FEEB951619AD38F00072B95C /* PBXContainerItemProxy */;
		};
/* End PBXTargetDependency section */

/* Begin PBXVariantGroup section */
		FEEB950C19AD38F00072B95C /* Main.storyboard */ = {
			isa = PBXVariantGroup;
			children = (
				FEEB950D19AD38F00072B95C /* Base */,
			);
			name = Main.storyboard;
			sourceTree = "<group>";
		};
/* End PBXVariantGroup section */

/* Begin XCBuildConfiguration section */
		FEEB951D19AD38F00072B95C /* Debug */ = {
			isa = XCBuildConfiguration;
			buildSettings = {
				ALWAYS_SEARCH_USER_PATHS = NO;
				CLANG_CXX_LANGUAGE_STANDARD = "gnu++0x";
				CLANG_CXX_LIBRARY = "libc++";
				CLANG_ENABLE_MODULES = YES;
				CLANG_ENABLE_OBJC_ARC = YES;
				CLANG_WARN_BOOL_CONVERSION = YES;
				CLANG_WARN_CONSTANT_CONVERSION = YES;
				CLANG_WARN_DIRECT_OBJC_ISA_USAGE = YES_ERROR;
				CLANG_WARN_EMPTY_BODY = YES;
				CLANG_WARN_ENUM_CONVERSION = YES;
				CLANG_WARN_INT_CONVERSION = YES;
				CLANG_WARN_OBJC_ROOT_CLASS = YES_ERROR;
				CLANG_WARN_UNREACHABLE_CODE = YES;
				CLANG_WARN__DUPLICATE_METHOD_MATCH = YES;
				"CODE_SIGN_IDENTITY[sdk=iphoneos*]" = "iPhone Developer";
				COPY_PHASE_STRIP = NO;
				ENABLE_STRICT_OBJC_MSGSEND = YES;
				GCC_C_LANGUAGE_STANDARD = gnu99;
				GCC_DYNAMIC_NO_PIC = NO;
				GCC_OPTIMIZATION_LEVEL = 0;
				GCC_PREPROCESSOR_DEFINITIONS = (
					"DEBUG=1",
					"$(inherited)",
				);
				GCC_SYMBOLS_PRIVATE_EXTERN = NO;
				GCC_WARN_64_TO_32_BIT_CONVERSION = YES;
				GCC_WARN_ABOUT_RETURN_TYPE = YES_ERROR;
				GCC_WARN_UNDECLARED_SELECTOR = YES;
				GCC_WARN_UNINITIALIZED_AUTOS = YES_AGGRESSIVE;
				GCC_WARN_UNUSED_FUNCTION = YES;
				GCC_WARN_UNUSED_VARIABLE = YES;
				IPHONEOS_DEPLOYMENT_TARGET = 6.0;
				MTL_ENABLE_DEBUG_INFO = YES;
				ONLY_ACTIVE_ARCH = YES;
				SDKROOT = iphoneos;
				TARGETED_DEVICE_FAMILY = "1,2";
			};
			name = Debug;
		};
		FEEB951E19AD38F00072B95C /* Release */ = {
			isa = XCBuildConfiguration;
			buildSettings = {
				ALWAYS_SEARCH_USER_PATHS = NO;
				CLANG_CXX_LANGUAGE_STANDARD = "gnu++0x";
				CLANG_CXX_LIBRARY = "libc++";
				CLANG_ENABLE_MODULES = YES;
				CLANG_ENABLE_OBJC_ARC = YES;
				CLANG_WARN_BOOL_CONVERSION = YES;
				CLANG_WARN_CONSTANT_CONVERSION = YES;
				CLANG_WARN_DIRECT_OBJC_ISA_USAGE = YES_ERROR;
				CLANG_WARN_EMPTY_BODY = YES;
				CLANG_WARN_ENUM_CONVERSION = YES;
				CLANG_WARN_INT_CONVERSION = YES;
				CLANG_WARN_OBJC_ROOT_CLASS = YES_ERROR;
				CLANG_WARN_UNREACHABLE_CODE = YES;
				CLANG_WARN__DUPLICATE_METHOD_MATCH = YES;
				"CODE_SIGN_IDENTITY[sdk=iphoneos*]" = "iPhone Developer";
				COPY_PHASE_STRIP = YES;
				ENABLE_NS_ASSERTIONS = NO;
				ENABLE_STRICT_OBJC_MSGSEND = YES;
				GCC_C_LANGUAGE_STANDARD = gnu99;
				GCC_WARN_64_TO_32_BIT_CONVERSION = YES;
				GCC_WARN_ABOUT_RETURN_TYPE = YES_ERROR;
				GCC_WARN_UNDECLARED_SELECTOR = YES;
				GCC_WARN_UNINITIALIZED_AUTOS = YES_AGGRESSIVE;
				GCC_WARN_UNUSED_FUNCTION = YES;
				GCC_WARN_UNUSED_VARIABLE = YES;
				IPHONEOS_DEPLOYMENT_TARGET = 6.0;
				MTL_ENABLE_DEBUG_INFO = NO;
				SDKROOT = iphoneos;
				TARGETED_DEVICE_FAMILY = "1,2";
				VALIDATE_PRODUCT = YES;
			};
			name = Release;
		};
		FEEB952019AD38F00072B95C /* Debug */ = {
			isa = XCBuildConfiguration;
			buildSettings = {
				ASSETCATALOG_COMPILER_APPICON_NAME = AppIcon;
				ASSETCATALOG_COMPILER_LAUNCHIMAGE_NAME = LaunchImage;
				INFOPLIST_FILE = ViewControllerLifeCycle/Info.plist;
				IPHONEOS_DEPLOYMENT_TARGET = 6.0;
				LD_RUNPATH_SEARCH_PATHS = "$(inherited) @executable_path/Frameworks";
				PRODUCT_NAME = "$(TARGET_NAME)";
			};
			name = Debug;
		};
		FEEB952119AD38F00072B95C /* Release */ = {
			isa = XCBuildConfiguration;
			buildSettings = {
				ASSETCATALOG_COMPILER_APPICON_NAME = AppIcon;
				ASSETCATALOG_COMPILER_LAUNCHIMAGE_NAME = LaunchImage;
				INFOPLIST_FILE = ViewControllerLifeCycle/Info.plist;
				IPHONEOS_DEPLOYMENT_TARGET = 6.0;
				LD_RUNPATH_SEARCH_PATHS = "$(inherited) @executable_path/Frameworks";
				PRODUCT_NAME = "$(TARGET_NAME)";
			};
			name = Release;
		};
		FEEB952319AD38F00072B95C /* Debug */ = {
			isa = XCBuildConfiguration;
			buildSettings = {
				BUNDLE_LOADER = "$(TEST_HOST)";
				FRAMEWORK_SEARCH_PATHS = (
					"$(SDKROOT)/Developer/Library/Frameworks",
					"$(inherited)",
				);
				GCC_PREPROCESSOR_DEFINITIONS = (
					"DEBUG=1",
					"$(inherited)",
				);
				INFOPLIST_FILE = ViewControllerLifeCycleTests/Info.plist;
				LD_RUNPATH_SEARCH_PATHS = "$(inherited) @executable_path/Frameworks @loader_path/Frameworks";
				PRODUCT_NAME = "$(TARGET_NAME)";
				TEST_HOST = "$(BUILT_PRODUCTS_DIR)/ViewControllerLifeCycle.app/ViewControllerLifeCycle";
			};
			name = Debug;
		};
		FEEB952419AD38F00072B95C /* Release */ = {
			isa = XCBuildConfiguration;
			buildSettings = {
				BUNDLE_LOADER = "$(TEST_HOST)";
				FRAMEWORK_SEARCH_PATHS = (
					"$(SDKROOT)/Developer/Library/Frameworks",
					"$(inherited)",
				);
				INFOPLIST_FILE = ViewControllerLifeCycleTests/Info.plist;
				LD_RUNPATH_SEARCH_PATHS = "$(inherited) @executable_path/Frameworks @loader_path/Frameworks";
				PRODUCT_NAME = "$(TARGET_NAME)";
				TEST_HOST = "$(BUILT_PRODUCTS_DIR)/ViewControllerLifeCycle.app/ViewControllerLifeCycle";
			};
			name = Release;
		};
/* End XCBuildConfiguration section */

/* Begin XCConfigurationList section */
		FEEB94FA19AD38F00072B95C /* Build configuration list for PBXProject "ViewControllerLifeCycle" */ = {
			isa = XCConfigurationList;
			buildConfigurations = (
				FEEB951D19AD38F00072B95C /* Debug */,
				FEEB951E19AD38F00072B95C /* Release */,
			);
			defaultConfigurationIsVisible = 0;
			defaultConfigurationName = Release;
		};
		FEEB951F19AD38F00072B95C /* Build configuration list for PBXNativeTarget "ViewControllerLifeCycle" */ = {
			isa = XCConfigurationList;
			buildConfigurations = (
				FEEB952019AD38F00072B95C /* Debug */,
				FEEB952119AD38F00072B95C /* Release */,
			);
			defaultConfigurationIsVisible = 0;
			defaultConfigurationName = Release;
		};
		FEEB952219AD38F00072B95C /* Build configuration list for PBXNativeTarget "ViewControllerLifeCycleTests" */ = {
			isa = XCConfigurationList;
			buildConfigurations = (
				FEEB952319AD38F00072B95C /* Debug */,
				FEEB952419AD38F00072B95C /* Release */,
			);
			defaultConfigurationIsVisible = 0;
			defaultConfigurationName = Release;
		};
/* End XCConfigurationList section */
	};
	rootObject = FEEB94F719AD38F00072B95C /* Project object */;
}
